{
  "resolved": {
    "dataLib": {
      "source": "github",
      "repo": "runtoolkit/dataLib",
      "version": "6.0.0",
      "asset_name": "dataLib-full.zip",
      "download_url": "https://github.com/runtoolkit/dataLib/releases/download/v6.0.0/dataLib.zip",
      "sha256": "c2f5cf679ce371b943b26998f0bfc803f0f1b4ba885aca4cd012b2c12df9629a"
    }
  }
}
